
Microsoft Visual Studio Solution File, Format Version 12.00
# Visual Studio Version 17
VisualStudioVersion = 17.9.34714.143
MinimumVisualStudioVersion = 10.0.40219.1
Project("{FAE04EC0-301F-11D3-BF4B-00C04F79EFBC}") = "GUIOpenGuestHouse", "GUIOpenGuestHouse\GUIOpenGuestHouse.csproj", "{C821D1C9-B102-498D-A3D3-70E7D49B8B41}"
EndProject
Global
	GlobalSection(SolutionConfigurationPlatforms) = preSolution
		Debug|Any CPU = Debug|Any CPU
		Release|Any CPU = Release|Any CPU
	EndGlobalSection
	GlobalSection(ProjectConfigurationPlatforms) = postSolution
		{C821D1C9-B102-498D-A3D3-70E7D49B8B41}.Debug|Any CPU.ActiveCfg = Debug|Any CPU
		{C821D1C9-B102-498D-A3D3-70E7D49B8B41}.Debug|Any CPU.Build.0 = Debug|Any CPU
		{C821D1C9-B102-498D-A3D3-70E7D49B8B41}.Release|Any CPU.ActiveCfg = Release|Any CPU
		{C821D1C9-B102-498D-A3D3-70E7D49B8B41}.Release|Any CPU.Build.0 = Release|Any CPU
	EndGlobalSection
	GlobalSection(SolutionProperties) = preSolution
		HideSolutionNode = FALSE
	EndGlobalSection
	GlobalSection(ExtensibilityGlobals) = postSolution
		SolutionGuid = {A637CA78-1969-4FE2-BDFB-40E1B1CB1BE7}
	EndGlobalSection
EndGlobal
